kind: sphere
name: mobile
summary: >-
  What a device application adds to the client anatomy: navigation state as
  view state, screens under a navigator, offline and persistence, platform
  capabilities, touch and device accessibility. A skeleton until the first
  mobile project — every TODO is an honest gap, not a rule.
requires: [spheres/client, concerns/ui]
refines: [spheres/client, concerns/ui]
chapters:
  architecture: architecture.md
  ui: ui.md
