kind: core
name: core
summary: >-
  The laws every droneey repository obeys regardless of language, kind of
  application or stack: how the constitution composes, the engineering
  principles, the workflow, testing, security, and how humans and agents work
  together. Part of every assembly and never listed in one.
chapters:
  intro: intro.md
  principles: principles.md
  workflow: workflow.md
  testing: testing.md
  security: security.md
  collaboration: collaboration.md
templates:
  project: templates/PROJECT.md
  project-generator: templates/project-generator.md
  decisions: templates/DECISIONS.md
  agent: templates/CLAUDE.md
