kind: sphere
name: web
summary: >-
  What a browser application adds to the client anatomy: the URL as the home
  of shareable view state, screens as routes with co-located private pieces,
  server rendering as a delivery optimisation only, document metadata owned
  by the screen, and the web's accessibility and responsive contracts.
requires: [spheres/client, concerns/ui]
refines: [spheres/client, concerns/ui]
chapters:
  architecture: architecture.md
  ui: ui.md
